// !$*UTF8*$!
{
	archiveVersion = 1;
	classes = {
	};
	objectVersion = 46;
	objects = {

/* Begin PBXBuildFile section */
		EB5D96BD1CA8A63700E85874 /* AppDelegate.swift in Sources */ = {isa = PBXBuildFile; fileRef = EB5D96BC1CA8A63700E85874 /* AppDelegate.swift */; };
		EB5D96BF1CA8A63700E85874 /* ViewController.swift in Sources */ = {isa = PBXBuildFile; fileRef = EB5D96BE1CA8A63700E85874 /* ViewController.swift */; };
		EB5D96C21CA8A63700E85874 /* Main.storyboard in Resources */ = {isa = PBXBuildFile; fileRef = EB5D96C01CA8A63700E85874 /* Main.storyboard */; };
		EB5D96C41CA8A63700E85874 /* Assets.xcassets in Resources */ = {isa = PBXBuildFile; fileRef = EB5D96C31CA8A63700E85874 /* Assets.xcassets */; };
		EB5D96C71CA8A63700E85874 /* LaunchScreen.storyboard in Resources */ = {isa = PBXBuildFile; fileRef = EB5D96C51CA8A63700E85874 /* LaunchScreen.storyboard */; };
/* End PBXBuildFile section */

/* Begin PBXFileReference section */
		EB5D96B91CA8A63700E85874 /* tipCalculator.app */ = {isa = PBXFileReference; explicitFileType = wrapper.application; includeInIndex = 0; path = tipCalculator.app; sourceTree = BUILT_PRODUCTS_DIR; };
		EB5D96BC1CA8A63700E85874 /* AppDelegate.swift */ = {isa = PBXFileReference; lastKnownFileType = sourcecode.swift; path = AppDelegate.swift; sourceTree = "<group>"; };
		EB5D96BE1CA8A63700E85874 /* ViewController.swift */ = {isa = PBXFileReference; lastKnownFileType = sourcecode.swift; path = ViewController.swift; sourceTree = "<group>"; };
		EB5D96C11CA8A63700E85874 /* Base */ = {isa = PBXFileReference; lastKnownFileType = file.storyboard; name = Base; path = Base.lproj/Main.storyboard; sourceTree = "<group>"; };
		EB5D96C31CA8A63700E85874 /* Assets.xcassets */ = {isa = PBXFileReference; lastKnownFileType = folder.assetcatalog; path = Assets.xcassets; sourceTree = "<group>"; };
		EB5D96C61CA8A63700E85874 /* Base */ = {isa = PBXFileReference; lastKnownFileType = file.storyboard; name = Base; path = Base.lproj/LaunchScreen.storyboard; sourceTree = "<group>"; };
		EB5D96C81CA8A63700E85874 /* Info.plist */ = {isa = PBXFileReference; lastKnownFileType = text.plist.xml; path = Info.plist; sourceTree = "<group>"; };
/* End PBXFileReference section */

/* Begin PBXFrameworksBuildPhase section */
		EB5D96B61CA8A63700E85874 /* Frameworks */ = {
			isa = PBXFrameworksBuildPhase;
			buildActionMask = 2147483647;
			files = (
			);
			runOnlyForDeploymentPostprocessing = 0;
		};
/* End PBXFrameworksBuildPhase section */

/* Begin PBXGroup section */
		EB5D96B01CA8A63700E85874 = {
			isa = PBXGroup;
			children = (
				EB5D96BB1CA8A63700E85874 /* tipCalculator */,
				EB5D96BA1CA8A63700E85874 /* Products */,
			);
			sourceTree = "<group>";
		};
		EB5D96BA1CA8A63700E85874 /* Products */ = {
			isa = PBXGroup;
			children = (
				EB5D96B91CA8A63700E85874 /* tipCalculator.app */,
			);
			name = Products;
			sourceTree = "<group>";
		};
		EB5D96BB1CA8A63700E85874 /* tipCalculator */ = {
			isa = PBXGroup;
			children = (
				EB5D96BC1CA8A63700E85874 /* AppDelegate.swift */,
				EB5D96BE1CA8A63700E85874 /* ViewController.swift */,
				EB5D96C01CA8A63700E85874 /* Main.storyboard */,
				EB5D96C31CA8A63700E85874 /* Assets.xcassets */,
				EB5D96C51CA8A63700E85874 /* LaunchScreen.storyboard */,
				EB5D96C81CA8A63700E85874 /* Info.plist */,
			);
			path = tipCalculator;
			sourceTree = "<group>";
		};
/* End PBXGroup section */

/* Begin PBXNativeTarget section */
		EB5D96B81CA8A63700E85874 /* tipCalculator */ = {
			isa = PBXNativeTarget;
			buildConfigurationList = EB5D96CB1CA8A63700E85874 /* Build configuration list for PBXNativeTarget "tipCalculator" */;
			buildPhases = (
				EB5D96B51CA8A63700E85874 /* Sources */,
				EB5D96B61CA8A63700E85874 /* Frameworks */,
				EB5D96B71CA8A63700E85874 /* Resources */,
			);
			buildRules = (
			);
			dependencies = (
			);
			name = tipCalculator;
			productName = tipCalculator;
			productReference = EB5D96B91CA8A63700E85874 /* tipCalculator.app */;
			productType = "com.apple.product-type.application";
		};
/* End PBXNativeTarget section */

/* Begin PBXProject section */
		EB5D96B11CA8A63700E85874 /* Project object */ = {
			isa = PBXProject;
			attributes = {
				LastSwiftUpdateCheck = 0720;
				LastUpgradeCheck = 0720;
				ORGANIZATIONNAME = Phredster;
				TargetAttributes = {
					EB5D96B81CA8A63700E85874 = {
						CreatedOnToolsVersion = 7.2.1;
						DevelopmentTeam = 98UGDU6AR7;
					};
				};
			};
			buildConfigurationList = EB5D96B41CA8A63700E85874 /* Build configuration list for PBXProject "tipCalculator" */;
			compatibilityVersion = "Xcode 3.2";
			developmentRegion = English;
			hasScannedForEncodings = 0;
			knownRegions = (
				en,
				Base,
			);
			mainGroup = EB5D96B01CA8A63700E85874;
			productRefGroup = EB5D96BA1CA8A63700E85874 /* Products */;
			projectDirPath = "";
			projectRoot = "";
			targets = (
				EB5D96B81CA8A63700E85874 /* tipCalculator */,
			);
		};
/* End PBXProject section */

/* Begin PBXResourcesBuildPhase section */
		EB5D96B71CA8A63700E85874 /* Resources */ = {
			isa = PBXResourcesBuildPhase;
			buildActionMask = 2147483647;
			files = (
				EB5D96C71CA8A63700E85874 /* LaunchScreen.storyboard in Resources */,
				EB5D96C41CA8A63700E85874 /* Assets.xcassets in Resources */,
				EB5D96C21CA8A63700E85874 /* Main.storyboard in Resources */,
			);
			runOnlyForDeploymentPostprocessing = 0;
		};
/* End PBXResourcesBuildPhase section */

/* Begin PBXSourcesBuildPhase section */
		EB5D96B51CA8A63700E85874 /* Sources */ = {
			isa = PBXSourcesBuildPhase;
			buildActionMask = 2147483647;
			files = (
				EB5D96BF1CA8A63700E85874 /* ViewController.swift in Sources */,
				EB5D96BD1CA8A63700E85874 /* AppDelegate.swift in Sources */,
			);
			runOnlyForDeploymentPostprocessing = 0;
		};
/* End PBXSourcesBuildPhase section */

/* Begin PBXVariantGroup section */
		EB5D96C01CA8A63700E85874 /* Main.storyboard */ = {
			isa = PBXVariantGroup;
			children = (
				EB5D96C11CA8A63700E85874 /* Base */,
			);
			name = Main.storyboard;
			sourceTree = "<group>";
		};
		EB5D96C51CA8A63700E85874 /* LaunchScreen.storyboard */ = {
			isa = PBXVariantGroup;
			children = (
				EB5D96C61CA8A63700E85874 /* Base */,
			);
			name = LaunchScreen.storyboard;
			sourceTree = "<group>";
		};
/* End PBXVariantGroup section */

/* Begin XCBuildConfiguration section */
		EB5D96C91CA8A63700E85874 /* Debug */ = {
			isa = XCBuildConfiguration;
			buildSettings = {
				ALWAYS_SEARCH_USER_PATHS = NO;
				CLANG_CXX_LANGUAGE_STANDARD = "gnu++0x";
				CLANG_CXX_LIBRARY = "libc++";
				CLANG_ENABLE_MODULES = YES;
				CLANG_ENABLE_OBJC_ARC = YES;
				CLANG_WARN_BOOL_CONVERSION = YES;
				CLANG_WARN_CONSTANT_CONVERSION = YES;
				CLANG_WARN_DIRECT_OBJC_ISA_USAGE = YES_ERROR;
				CLANG_WARN_EMPTY_BODY = YES;
				CLANG_WARN_ENUM_CONVERSION = YES;
				CLANG_WARN_INT_CONVERSION = YES;
				CLANG_WARN_OBJC_ROOT_CLASS = YES_ERROR;
				CLANG_WARN_UNREACHABLE_CODE = YES;
				CLANG_WARN__DUPLICATE_METHOD_MATCH = YES;
				"CODE_SIGN_IDENTITY[sdk=iphoneos*]" = "iPhone Developer";
				COPY_PHASE_STRIP = NO;
				DEBUG_INFORMATION_FORMAT = dwarf;
				ENABLE_STRICT_OBJC_MSGSEND = YES;
				ENABLE_TESTABILITY = YES;
				GCC_C_LANGUAGE_STANDARD = gnu99;
				GCC_DYNAMIC_NO_PIC = NO;
				GCC_NO_COMMON_BLOCKS = YES;
				GCC_OPTIMIZATION_LEVEL = 0;
				GCC_PREPROCESSOR_DEFINITIONS = (
					"DEBUG=1",
					"$(inherited)",
				);
				GCC_WARN_64_TO_32_BIT_CONVERSION = YES;
				GCC_WARN_ABOUT_RETURN_TYPE = YES_ERROR;
				GCC_WARN_UNDECLARED_SELECTOR = YES;
				GCC_WARN_UNINITIALIZED_AUTOS = YES_AGGRESSIVE;
				GCC_WARN_UNUSED_FUNCTION = YES;
				GCC_WARN_UNUSED_VARIABLE = YES;
				IPHONEOS_DEPLOYMENT_TARGET = 9.2;
				MTL_ENABLE_DEBUG_INFO = YES;
				ONLY_ACTIVE_ARCH = YES;
				SDKROOT = iphoneos;
				SWIFT_OPTIMIZATION_LEVEL = "-Onone";
			};
			name = Debug;
		};
		EB5D96CA1CA8A63700E85874 /* Release */ = {
			isa = XCBuildConfiguration;
			buildSettings = {
				ALWAYS_SEARCH_USER_PATHS = NO;
				CLANG_CXX_LANGUAGE_STANDARD = "gnu++0x";
				CLANG_CXX_LIBRARY = "libc++";
				CLANG_ENABLE_MODULES = YES;
				CLANG_ENABLE_OBJC_ARC = YES;
				CLANG_WARN_BOOL_CONVERSION = YES;
				CLANG_WARN_CONSTANT_CONVERSION = YES;
				CLANG_WARN_DIRECT_OBJC_ISA_USAGE = YES_ERROR;
				CLANG_WARN_EMPTY_BODY = YES;
				CLANG_WARN_ENUM_CONVERSION = YES;
				CLANG_WARN_INT_CONVERSION = YES;
				CLANG_WARN_OBJC_ROOT_CLASS = YES_ERROR;
				CLANG_WARN_UNREACHABLE_CODE = YES;
				CLANG_WARN__DUPLICATE_METHOD_MATCH = YES;
				"CODE_SIGN_IDENTITY[sdk=iphoneos*]" = "iPhone Developer";
				COPY_PHASE_STRIP = NO;
				DEBUG_INFORMATION_FORMAT = "dwarf-with-dsym";
				ENABLE_NS_ASSERTIONS = NO;
				ENABLE_STRICT_OBJC_MSGSEND = YES;
				GCC_C_LANGUAGE_STANDARD = gnu99;
				GCC_NO_COMMON_BLOCKS = YES;
				GCC_WARN_64_TO_32_BIT_CONVERSION = YES;
				GCC_WARN_ABOUT_RETURN_TYPE = YES_ERROR;
				GCC_WARN_UNDECLARED_SELECTOR = YES;
				GCC_WARN_UNINITIALIZED_AUTOS = YES_AGGRESSIVE;
				GCC_WARN_UNUSED_FUNCTION = YES;
				GCC_WARN_UNUSED_VARIABLE = YES;
				IPHONEOS_DEPLOYMENT_TARGET = 9.2;
				MTL_ENABLE_DEBUG_INFO = NO;
				SDKROOT = iphoneos;
				VALIDATE_PRODUCT = YES;
			};
			name = Release;
		};
		EB5D96CC1CA8A63700E85874 /* Debug */ = {
			isa = XCBuildConfiguration;
			buildSettings = {
				ASSETCATALOG_COMPILER_APPICON_NAME = AppIcon;
				INFOPLIST_FILE = tipCalculator/Info.plist;
				LD_RUNPATH_SEARCH_PATHS = "$(inherited) @executable_path/Frameworks";
				PRODUCT_BUNDLE_IDENTIFIER = com.phredster.tipCalculator;
				PRODUCT_NAME = "$(TARGET_NAME)";
			};
			name = Debug;
		};
		EB5D96CD1CA8A63700E85874 /* Release */ = {
			isa = XCBuildConfiguration;
			buildSettings = {
				ASSETCATALOG_COMPILER_APPICON_NAME = AppIcon;
				INFOPLIST_FILE = tipCalculator/Info.plist;
				LD_RUNPATH_SEARCH_PATHS = "$(inherited) @executable_path/Frameworks";
				PRODUCT_BUNDLE_IDENTIFIER = com.phredster.tipCalculator;
				PRODUCT_NAME = "$(TARGET_NAME)";
			};
			name = Release;
		};
/* End XCBuildConfiguration section */

/* Begin XCConfigurationList section */
		EB5D96B41CA8A63700E85874 /* Build configuration list for PBXProject "tipCalculator" */ = {
			isa = XCConfigurationList;
			buildConfigurations = (
				EB5D96C91CA8A63700E85874 /* Debug */,
				EB5D96CA1CA8A63700E85874 /* Release */,
			);
			defaultConfigurationIsVisible = 0;
			defaultConfigurationName = Release;
		};
		EB5D96CB1CA8A63700E85874 /* Build configuration list for PBXNativeTarget "tipCalculator" */ = {
			isa = XCConfigurationList;
			buildConfigurations = (
				EB5D96CC1CA8A63700E85874 /* Debug */,
				EB5D96CD1CA8A63700E85874 /* Release */,
			);
			defaultConfigurationIsVisible = 0;
		};
/* End XCConfigurationList section */
	};
	rootObject = EB5D96B11CA8A63700E85874 /* Project object */;
}
